
Microsoft Visual Studio Solution File, Format Version 12.00
# Visual Studio Version 16
VisualStudioVersion = 16.0.30011.22
MinimumVisualStudioVersion = 10.0.40219.1
Project("{FAE04EC0-301F-11D3-BF4B-00C04F79EFBC}") = "ImageProcessTool", "ImageProcessTool\ImageProcessTool.csproj", "{E728045D-537D-43F5-80AB-894A3DD1F608}"
EndProject
Global
	GlobalSection(SolutionConfigurationPlatforms) = preSolution
		Debug|Any CPU = Debug|Any CPU
		Release|Any CPU = Release|Any CPU
	EndGlobalSection
	GlobalSection(ProjectConfigurationPlatforms) = postSolution
		{E728045D-537D-43F5-80AB-894A3DD1F608}.Debug|Any CPU.ActiveCfg = Debug|Any CPU
		{E728045D-537D-43F5-80AB-894A3DD1F608}.Debug|Any CPU.Build.0 = Debug|Any CPU
		{E728045D-537D-43F5-80AB-894A3DD1F608}.Release|Any CPU.ActiveCfg = Release|Any CPU
		{E728045D-537D-43F5-80AB-894A3DD1F608}.Release|Any CPU.Build.0 = Release|Any CPU
	EndGlobalSection
	GlobalSection(SolutionProperties) = preSolution
		HideSolutionNode = FALSE
	EndGlobalSection
	GlobalSection(ExtensibilityGlobals) = postSolution
		SolutionGuid = {2009C565-9D35-42B7-ABB5-115432FCFF2A}
	EndGlobalSection
EndGlobal
